// !$*UTF8*$!
{
	archiveVersion = 1;
	classes = {
	};
	objectVersion = 55;
	objects = {

/* Begin PBXBuildFile section */
		EF3FDB4727650A6B00CFB7AB /* AppDelegate.swift in Sources */ = {isa = PBXBuildFile; fileRef = EF3FDB4627650A6B00CFB7AB /* AppDelegate.swift */; };
		EF3FDB4927650A6B00CFB7AB /* SceneDelegate.swift in Sources */ = {isa = PBXBuildFile; fileRef = EF3FDB4827650A6B00CFB7AB /* SceneDelegate.swift */; };
		EF3FDB4B27650A6B00CFB7AB /* NoteDetailVC.swift in Sources */ = {isa = PBXBuildFile; fileRef = EF3FDB4A27650A6B00CFB7AB /* NoteDetailVC.swift */; };
		EF3FDB4E27650A6B00CFB7AB /* Main.storyboard in Resources */ = {isa = PBXBuildFile; fileRef = EF3FDB4C27650A6B00CFB7AB /* Main.storyboard */; };
		EF3FDB5127650A6B00CFB7AB /* Diary.xcdatamodeld in Sources */ = {isa = PBXBuildFile; fileRef = EF3FDB4F27650A6B00CFB7AB /* Diary.xcdatamodeld */; };
		EF3FDB5327650A7400CFB7AB /* Assets.xcassets in Resources */ = {isa = PBXBuildFile; fileRef = EF3FDB5227650A7400CFB7AB /* Assets.xcassets */; };
		EF3FDB5627650A7400CFB7AB /* LaunchScreen.storyboard in Resources */ = {isa = PBXBuildFile; fileRef = EF3FDB5427650A7400CFB7AB /* LaunchScreen.storyboard */; };
		EF3FDB5E2765116B00CFB7AB /* NoteCell.swift in Sources */ = {isa = PBXBuildFile; fileRef = EF3FDB5D2765116B00CFB7AB /* NoteCell.swift */; };
		EF3FDB602765119400CFB7AB /* NoteTableView.swift in Sources */ = {isa = PBXBuildFile; fileRef = EF3FDB5F2765119400CFB7AB /* NoteTableView.swift */; };
		EFEA7861276517BC00FB4A79 /* Note.swift in Sources */ = {isa = PBXBuildFile; fileRef = EFEA7860276517BC00FB4A79 /* Note.swift */; };
/* End PBXBuildFile section */

/* Begin PBXFileReference section */
		EF3FDB4327650A6B00CFB7AB /* Diary.app */ = {isa = PBXFileReference; explicitFileType = wrapper.application; includeInIndex = 0; path = Diary.app; sourceTree = BUILT_PRODUCTS_DIR; };
		EF3FDB4627650A6B00CFB7AB /* AppDelegate.swift */ = {isa = PBXFileReference; lastKnownFileType = sourcecode.swift; path = AppDelegate.swift; sourceTree = "<group>"; };
		EF3FDB4827650A6B00CFB7AB /* SceneDelegate.swift */ = {isa = PBXFileReference; lastKnownFileType = sourcecode.swift; path = SceneDelegate.swift; sourceTree = "<group>"; };
		EF3FDB4A27650A6B00CFB7AB /* NoteDetailVC.swift */ = {isa = PBXFileReference; lastKnownFileType = sourcecode.swift; path = NoteDetailVC.swift; sourceTree = "<group>"; };
		EF3FDB4D27650A6B00CFB7AB /* Base */ = {isa = PBXFileReference; lastKnownFileType = file.storyboard; name = Base; path = Base.lproj/Main.storyboard; sourceTree = "<group>"; };
		EF3FDB5027650A6B00CFB7AB /* Diary.xcdatamodel */ = {isa = PBXFileReference; lastKnownFileType = wrapper.xcdatamodel; path = Diary.xcdatamodel; sourceTree = "<group>"; };
		EF3FDB5227650A7400CFB7AB /* Assets.xcassets */ = {isa = PBXFileReference; lastKnownFileType = folder.assetcatalog; path = Assets.xcassets; sourceTree = "<group>"; };
		EF3FDB5527650A7400CFB7AB /* Base */ = {isa = PBXFileReference; lastKnownFileType = file.storyboard; name = Base; path = Base.lproj/LaunchScreen.storyboard; sourceTree = "<group>"; };
		EF3FDB5727650A7400CFB7AB /* Info.plist */ = {isa = PBXFileReference; lastKnownFileType = text.plist.xml; path = Info.plist; sourceTree = "<group>"; };
		EF3FDB5D2765116B00CFB7AB /* NoteCell.swift */ = {isa = PBXFileReference; lastKnownFileType = sourcecode.swift; path = NoteCell.swift; sourceTree = "<group>"; };
		EF3FDB5F2765119400CFB7AB /* NoteTableView.swift */ = {isa = PBXFileReference; lastKnownFileType = sourcecode.swift; path = NoteTableView.swift; sourceTree = "<group>"; };
		EFEA7860276517BC00FB4A79 /* Note.swift */ = {isa = PBXFileReference; lastKnownFileType = sourcecode.swift; path = Note.swift; sourceTree = "<group>"; };
/* End PBXFileReference section */

/* Begin PBXFrameworksBuildPhase section */
		EF3FDB4027650A6B00CFB7AB /* Frameworks */ = {
			isa = PBXFrameworksBuildPhase;
			buildActionMask = 2147483647;
			files = (
			);
			runOnlyForDeploymentPostprocessing = 0;
		};
/* End PBXFrameworksBuildPhase section */

/* Begin PBXGroup section */
		EF3FDB3A27650A6B00CFB7AB = {
			isa = PBXGroup;
			children = (
				EF3FDB4527650A6B00CFB7AB /* Diary */,
				EF3FDB4427650A6B00CFB7AB /* Products */,
			);
			sourceTree = "<group>";
		};
		EF3FDB4427650A6B00CFB7AB /* Products */ = {
			isa = PBXGroup;
			children = (
				EF3FDB4327650A6B00CFB7AB /* Diary.app */,
			);
			name = Products;
			sourceTree = "<group>";
		};
		EF3FDB4527650A6B00CFB7AB /* Diary */ = {
			isa = PBXGroup;
			children = (
				EF3FDB4627650A6B00CFB7AB /* AppDelegate.swift */,
				EF3FDB4827650A6B00CFB7AB /* SceneDelegate.swift */,
				EF3FDB4A27650A6B00CFB7AB /* NoteDetailVC.swift */,
				EF3FDB4C27650A6B00CFB7AB /* Main.storyboard */,
				EF3FDB5D2765116B00CFB7AB /* NoteCell.swift */,
				EF3FDB5F2765119400CFB7AB /* NoteTableView.swift */,
				EFEA7860276517BC00FB4A79 /* Note.swift */,
				EF3FDB5227650A7400CFB7AB /* Assets.xcassets */,
				EF3FDB5427650A7400CFB7AB /* LaunchScreen.storyboard */,
				EF3FDB5727650A7400CFB7AB /* Info.plist */,
				EF3FDB4F27650A6B00CFB7AB /* Diary.xcdatamodeld */,
			);
			path = Diary;
			sourceTree = "<group>";
		};
/* End PBXGroup section */

/* Begin PBXNativeTarget section */
		EF3FDB4227650A6B00CFB7AB /* Diary */ = {
			isa = PBXNativeTarget;
			buildConfigurationList = EF3FDB5A27650A7400CFB7AB /* Build configuration list for PBXNativeTarget "Diary" */;
			buildPhases = (
				EF3FDB3F27650A6B00CFB7AB /* Sources */,
				EF3FDB4027650A6B00CFB7AB /* Frameworks */,
				EF3FDB4127650A6B00CFB7AB /* Resources */,
			);
			buildRules = (
			);
			dependencies = (
			);
			name = Diary;
			productName = Diary;
			productReference = EF3FDB4327650A6B00CFB7AB /* Diary.app */;
			productType = "com.apple.product-type.application";
		};
/* End PBXNativeTarget section */

/* Begin PBXProject section */
		EF3FDB3B27650A6B00CFB7AB /* Project object */ = {
			isa = PBXProject;
			attributes = {
				BuildIndependentTargetsInParallel = 1;
				LastSwiftUpdateCheck = 1310;
				LastUpgradeCheck = 1310;
				TargetAttributes = {
					EF3FDB4227650A6B00CFB7AB = {
						CreatedOnToolsVersion = 13.1;
					};
				};
			};
			buildConfigurationList = EF3FDB3E27650A6B00CFB7AB /* Build configuration list for PBXProject "Diary" */;
			compatibilityVersion = "Xcode 13.0";
			developmentRegion = en;
			hasScannedForEncodings = 0;
			knownRegions = (
				en,
				Base,
			);
			mainGroup = EF3FDB3A27650A6B00CFB7AB;
			productRefGroup = EF3FDB4427650A6B00CFB7AB /* Products */;
			projectDirPath = "";
			projectRoot = "";
			targets = (
				EF3FDB4227650A6B00CFB7AB /* Diary */,
			);
		};
/* End PBXProject section */

/* Begin PBXResourcesBuildPhase section */
		EF3FDB4127650A6B00CFB7AB /* Resources */ = {
			isa = PBXResourcesBuildPhase;
			buildActionMask = 2147483647;
			files = (
				EF3FDB5627650A7400CFB7AB /* LaunchScreen.storyboard in Resources */,
				EF3FDB5327650A7400CFB7AB /* Assets.xcassets in Resources */,
				EF3FDB4E27650A6B00CFB7AB /* Main.storyboard in Resources */,
			);
			runOnlyForDeploymentPostprocessing = 0;
		};
/* End PBXResourcesBuildPhase section */

/* Begin PBXSourcesBuildPhase section */
		EF3FDB3F27650A6B00CFB7AB /* Sources */ = {
			isa = PBXSourcesBuildPhase;
			buildActionMask = 2147483647;
			files = (
				EF3FDB4B27650A6B00CFB7AB /* NoteDetailVC.swift in Sources */,
				EF3FDB602765119400CFB7AB /* NoteTableView.swift in Sources */,
				EFEA7861276517BC00FB4A79 /* Note.swift in Sources */,
				EF3FDB4727650A6B00CFB7AB /* AppDelegate.swift in Sources */,
				EF3FDB5E2765116B00CFB7AB /* NoteCell.swift in Sources */,
				EF3FDB4927650A6B00CFB7AB /* SceneDelegate.swift in Sources */,
				EF3FDB5127650A6B00CFB7AB /* Diary.xcdatamodeld in Sources */,
			);
			runOnlyForDeploymentPostprocessing = 0;
		};
/* End PBXSourcesBuildPhase section */

/* Begin PBXVariantGroup section */
		EF3FDB4C27650A6B00CFB7AB /* Main.storyboard */ = {
			isa = PBXVariantGroup;
			children = (
				EF3FDB4D27650A6B00CFB7AB /* Base */,
			);
			name = Main.storyboard;
			sourceTree = "<group>";
		};
		EF3FDB5427650A7400CFB7AB /* LaunchScreen.storyboard */ = {
			isa = PBXVariantGroup;
			children = (
				EF3FDB5527650A7400CFB7AB /* Base */,
			);
			name = LaunchScreen.storyboard;
			sourceTree = "<group>";
		};
/* End PBXVariantGroup section */

/* Begin XCBuildConfiguration section */
		EF3FDB5827650A7400CFB7AB /* Debug */ = {
			isa = XCBuildConfiguration;
			buildSettings = {
				ALWAYS_SEARCH_USER_PATHS = NO;
				CLANG_ANALYZER_NONNULL = YES;
				CLANG_ANALYZER_NUMBER_OBJECT_CONVERSION = YES_AGGRESSIVE;
				CLANG_CXX_LANGUAGE_STANDARD = "gnu++17";
				CLANG_CXX_LIBRARY = "libc++";
				CLANG_ENABLE_MODULES = YES;
				CLANG_ENABLE_OBJC_ARC = YES;
				CLANG_ENABLE_OBJC_WEAK = YES;
				CLANG_WARN_BLOCK_CAPTURE_AUTORELEASING = YES;
				CLANG_WARN_BOOL_CONVERSION = YES;
				CLANG_WARN_COMMA = YES;
				CLANG_WARN_CONSTANT_CONVERSION = YES;
				CLANG_WARN_DEPRECATED_OBJC_IMPLEMENTATIONS = YES;
				CLANG_WARN_DIRECT_OBJC_ISA_USAGE = YES_ERROR;
				CLANG_WARN_DOCUMENTATION_COMMENTS = YES;
				CLANG_WARN_EMPTY_BODY = YES;
				CLANG_WARN_ENUM_CONVERSION = YES;
				CLANG_WARN_INFINITE_RECURSION = YES;
				CLANG_WARN_INT_CONVERSION = YES;
				CLANG_WARN_NON_LITERAL_NULL_CONVERSION = YES;
				CLANG_WARN_OBJC_IMPLICIT_RETAIN_SELF = YES;
				CLANG_WARN_OBJC_LITERAL_CONVERSION = YES;
				CLANG_WARN_OBJC_ROOT_CLASS = YES_ERROR;
				CLANG_WARN_QUOTED_INCLUDE_IN_FRAMEWORK_HEADER = YES;
				CLANG_WARN_RANGE_LOOP_ANALYSIS = YES;
				CLANG_WARN_STRICT_PROTOTYPES = YES;
				CLANG_WARN_SUSPICIOUS_MOVE = YES;
				CLANG_WARN_UNGUARDED_AVAILABILITY = YES_AGGRESSIVE;
				CLANG_WARN_UNREACHABLE_CODE = YES;
				CLANG_WARN__DUPLICATE_METHOD_MATCH = YES;
				COPY_PHASE_STRIP = NO;
				DEBUG_INFORMATION_FORMAT = dwarf;
				ENABLE_STRICT_OBJC_MSGSEND = YES;
				ENABLE_TESTABILITY = YES;
				GCC_C_LANGUAGE_STANDARD = gnu11;
				GCC_DYNAMIC_NO_PIC = NO;
				GCC_NO_COMMON_BLOCKS = YES;
				GCC_OPTIMIZATION_LEVEL = 0;
				GCC_PREPROCESSOR_DEFINITIONS = (
					"DEBUG=1",
					"$(inherited)",
				);
				GCC_WARN_64_TO_32_BIT_CONVERSION = YES;
				GCC_WARN_ABOUT_RETURN_TYPE = YES_ERROR;
				GCC_WARN_UNDECLARED_SELECTOR = YES;
				GCC_WARN_UNINITIALIZED_AUTOS = YES_AGGRESSIVE;
				GCC_WARN_UNUSED_FUNCTION = YES;
				GCC_WARN_UNUSED_VARIABLE = YES;
				IPHONEOS_DEPLOYMENT_TARGET = 15.0;
				MTL_ENABLE_DEBUG_INFO = INCLUDE_SOURCE;
				MTL_FAST_MATH = YES;
				ONLY_ACTIVE_ARCH = YES;
				SDKROOT = iphoneos;
				SWIFT_ACTIVE_COMPILATION_CONDITIONS = DEBUG;
				SWIFT_OPTIMIZATION_LEVEL = "-Onone";
			};
			name = Debug;
		};
		EF3FDB5927650A7400CFB7AB /* Release */ = {
			isa = XCBuildConfiguration;
			buildSettings = {
				ALWAYS_SEARCH_USER_PATHS = NO;
				CLANG_ANALYZER_NONNULL = YES;
				CLANG_ANALYZER_NUMBER_OBJECT_CONVERSION = YES_AGGRESSIVE;
				CLANG_CXX_LANGUAGE_STANDARD = "gnu++17";
				CLANG_CXX_LIBRARY = "libc++";
				CLANG_ENABLE_MODULES = YES;
				CLANG_ENABLE_OBJC_ARC = YES;
				CLANG_ENABLE_OBJC_WEAK = YES;
				CLANG_WARN_BLOCK_CAPTURE_AUTORELEASING = YES;
				CLANG_WARN_BOOL_CONVERSION = YES;
				CLANG_WARN_COMMA = YES;
				CLANG_WARN_CONSTANT_CONVERSION = YES;
				CLANG_WARN_DEPRECATED_OBJC_IMPLEMENTATIONS = YES;
				CLANG_WARN_DIRECT_OBJC_ISA_USAGE = YES_ERROR;
				CLANG_WARN_DOCUMENTATION_COMMENTS = YES;
				CLANG_WARN_EMPTY_BODY = YES;
				CLANG_WARN_ENUM_CONVERSION = YES;
				CLANG_WARN_INFINITE_RECURSION = YES;
				CLANG_WARN_INT_CONVERSION = YES;
				CLANG_WARN_NON_LITERAL_NULL_CONVERSION = YES;
				CLANG_WARN_OBJC_IMPLICIT_RETAIN_SELF = YES;
				CLANG_WARN_OBJC_LITERAL_CONVERSION = YES;
				CLANG_WARN_OBJC_ROOT_CLASS = YES_ERROR;
				CLANG_WARN_QUOTED_INCLUDE_IN_FRAMEWORK_HEADER = YES;
				CLANG_WARN_RANGE_LOOP_ANALYSIS = YES;
				CLANG_WARN_STRICT_PROTOTYPES = YES;
				CLANG_WARN_SUSPICIOUS_MOVE = YES;
				CLANG_WARN_UNGUARDED_AVAILABILITY = YES_AGGRESSIVE;
				CLANG_WARN_UNREACHABLE_CODE = YES;
				CLANG_WARN__DUPLICATE_METHOD_MATCH = YES;
				COPY_PHASE_STRIP = NO;
				DEBUG_INFORMATION_FORMAT = "dwarf-with-dsym";
				ENABLE_NS_ASSERTIONS = NO;
				ENABLE_STRICT_OBJC_MSGSEND = YES;
				GCC_C_LANGUAGE_STANDARD = gnu11;
				GCC_NO_COMMON_BLOCKS = YES;
				GCC_WARN_64_TO_32_BIT_CONVERSION = YES;
				GCC_WARN_ABOUT_RETURN_TYPE = YES_ERROR;
				GCC_WARN_UNDECLARED_SELECTOR = YES;
				GCC_WARN_UNINITIALIZED_AUTOS = YES_AGGRESSIVE;
				GCC_WARN_UNUSED_FUNCTION = YES;
				GCC_WARN_UNUSED_VARIABLE = YES;
				IPHONEOS_DEPLOYMENT_TARGET = 15.0;
				MTL_ENABLE_DEBUG_INFO = NO;
				MTL_FAST_MATH = YES;
				SDKROOT = iphoneos;
				SWIFT_COMPILATION_MODE = wholemodule;
				SWIFT_OPTIMIZATION_LEVEL = "-O";
				VALIDATE_PRODUCT = YES;
			};
			name = Release;
		};
		EF3FDB5B27650A7400CFB7AB /* Debug */ = {
			isa = XCBuildConfiguration;
			buildSettings = {
				ASSETCATALOG_COMPILER_APPICON_NAME = AppIcon;
				ASSETCATALOG_COMPILER_GLOBAL_ACCENT_COLOR_NAME = AccentColor;
				CODE_SIGN_STYLE = Automatic;
				CURRENT_PROJECT_VERSION = 1;
				DEVELOPMENT_TEAM = VXAZ757ZH2;
				GENERATE_INFOPLIST_FILE = YES;
				INFOPLIST_FILE = Diary/Info.plist;
				INFOPLIST_KEY_UIApplicationSupportsIndirectInputEvents = YES;
				INFOPLIST_KEY_UILaunchStoryboardName = LaunchScreen;
				INFOPLIST_KEY_UIMainStoryboardFile = Main;
				INFOPLIST_KEY_UISupportedInterfaceOrientations_iPad = "UIInterfaceOrientationPortrait UIInterfaceOrientationPortraitUpsideDown UIInterfaceOrientationLandscapeLeft UIInterfaceOrientationLandscapeRight";
				INFOPLIST_KEY_UISupportedInterfaceOrientations_iPhone = "UIInterfaceOrientationPortrait UIInterfaceOrientationLandscapeLeft UIInterfaceOrientationLandscapeRight";
				LD_RUNPATH_SEARCH_PATHS = (
					"$(inherited)",
					"@executable_path/Frameworks",
				);
				MARKETING_VERSION = 1.0;
				PRODUCT_BUNDLE_IDENTIFIER = jeongpin.Diary;
				PRODUCT_NAME = "$(TARGET_NAME)";
				SWIFT_EMIT_LOC_STRINGS = YES;
				SWIFT_VERSION = 5.0;
				TARGETED_DEVICE_FAMILY = "1,2";
			};
			name = Debug;
		};
		EF3FDB5C27650A7400CFB7AB /* Release */ = {
			isa = XCBuildConfiguration;
			buildSettings = {
				ASSETCATALOG_COMPILER_APPICON_NAME = AppIcon;
				ASSETCATALOG_COMPILER_GLOBAL_ACCENT_COLOR_NAME = AccentColor;
				CODE_SIGN_STYLE = Automatic;
				CURRENT_PROJECT_VERSION = 1;
				DEVELOPMENT_TEAM = VXAZ757ZH2;
				GENERATE_INFOPLIST_FILE = YES;
				INFOPLIST_FILE = Diary/Info.plist;
				INFOPLIST_KEY_UIApplicationSupportsIndirectInputEvents = YES;
				INFOPLIST_KEY_UILaunchStoryboardName = LaunchScreen;
				INFOPLIST_KEY_UIMainStoryboardFile = Main;
				INFOPLIST_KEY_UISupportedInterfaceOrientations_iPad = "UIInterfaceOrientationPortrait UIInterfaceOrientationPortraitUpsideDown UIInterfaceOrientationLandscapeLeft UIInterfaceOrientationLandscapeRight";
				INFOPLIST_KEY_UISupportedInterfaceOrientations_iPhone = "UIInterfaceOrientationPortrait UIInterfaceOrientationLandscapeLeft UIInterfaceOrientationLandscapeRight";
				LD_RUNPATH_SEARCH_PATHS = (
					"$(inherited)",
					"@executable_path/Frameworks",
				);
				MARKETING_VERSION = 1.0;
				PRODUCT_BUNDLE_IDENTIFIER = jeongpin.Diary;
				PRODUCT_NAME = "$(TARGET_NAME)";
				SWIFT_EMIT_LOC_STRINGS = YES;
				SWIFT_VERSION = 5.0;
				TARGETED_DEVICE_FAMILY = "1,2";
			};
			name = Release;
		};
/* End XCBuildConfiguration section */

/* Begin XCConfigurationList section */
		EF3FDB3E27650A6B00CFB7AB /* Build configuration list for PBXProject "Diary" */ = {
			isa = XCConfigurationList;
			buildConfigurations = (
				EF3FDB5827650A7400CFB7AB /* Debug */,
				EF3FDB5927650A7400CFB7AB /* Release */,
			);
			defaultConfigurationIsVisible = 0;
			defaultConfigurationName = Release;
		};
		EF3FDB5A27650A7400CFB7AB /* Build configuration list for PBXNativeTarget "Diary" */ = {
			isa = XCConfigurationList;
			buildConfigurations = (
				EF3FDB5B27650A7400CFB7AB /* Debug */,
				EF3FDB5C27650A7400CFB7AB /* Release */,
			);
			defaultConfigurationIsVisible = 0;
			defaultConfigurationName = Release;
		};
/* End XCConfigurationList section */

/* Begin XCVersionGroup section */
		EF3FDB4F27650A6B00CFB7AB /* Diary.xcdatamodeld */ = {
			isa = XCVersionGroup;
			children = (
				EF3FDB5027650A6B00CFB7AB /* Diary.xcdatamodel */,
			);
			currentVersion = EF3FDB5027650A6B00CFB7AB /* Diary.xcdatamodel */;
			path = Diary.xcdatamodeld;
			sourceTree = "<group>";
			versionGroupType = wrapper.xcdatamodel;
		};
/* End XCVersionGroup section */
	};
	rootObject = EF3FDB3B27650A6B00CFB7AB /* Project object */;
}
